// !$*UTF8*$!
{
	archiveVersion = 1;
	classes = {
	};
	objectVersion = 50;
	objects = {

/* Begin PBXBuildFile section */
		FF2AE8C0250BF19C00A08B75 /* AppDelegate.swift in Sources */ = {isa = PBXBuildFile; fileRef = FF2AE8BF250BF19C00A08B75 /* AppDelegate.swift */; };
		FF2AE8C2250BF19C00A08B75 /* SceneDelegate.swift in Sources */ = {isa = PBXBuildFile; fileRef = FF2AE8C1250BF19C00A08B75 /* SceneDelegate.swift */; };
		FF2AE8C4250BF19C00A08B75 /* EmojiMemoryGameView.swift in Sources */ = {isa = PBXBuildFile; fileRef = FF2AE8C3250BF19C00A08B75 /* EmojiMemoryGameView.swift */; };
		FF2AE8C6250BF19F00A08B75 /* Assets.xcassets in Resources */ = {isa = PBXBuildFile; fileRef = FF2AE8C5250BF19F00A08B75 /* Assets.xcassets */; };
		FF2AE8C9250BF19F00A08B75 /* Preview Assets.xcassets in Resources */ = {isa = PBXBuildFile; fileRef = FF2AE8C8250BF19F00A08B75 /* Preview Assets.xcassets */; };
		FF2AE8CC250BF19F00A08B75 /* LaunchScreen.storyboard in Resources */ = {isa = PBXBuildFile; fileRef = FF2AE8CA250BF19F00A08B75 /* LaunchScreen.storyboard */; };
		FF2AE8D4250D4B7700A08B75 /* MemoryGame.swift in Sources */ = {isa = PBXBuildFile; fileRef = FF2AE8D3250D4B7700A08B75 /* MemoryGame.swift */; };
		FF2AE8D6250D4EF000A08B75 /* EmojiMemoryGame.swift in Sources */ = {isa = PBXBuildFile; fileRef = FF2AE8D5250D4EF000A08B75 /* EmojiMemoryGame.swift */; };
		FFEF527D2520B72C008EEC78 /* Grid.swift in Sources */ = {isa = PBXBuildFile; fileRef = FFEF527C2520B72C008EEC78 /* Grid.swift */; };
		FFEF52802520BF80008EEC78 /* GridLayout.swift in Sources */ = {isa = PBXBuildFile; fileRef = FFEF527F2520BF80008EEC78 /* GridLayout.swift */; };
		FFEF52832520C501008EEC78 /* Array.swift in Sources */ = {isa = PBXBuildFile; fileRef = FFEF52822520C501008EEC78 /* Array.swift */; };
/* End PBXBuildFile section */

/* Begin PBXFileReference section */
		FF2AE8BC250BF19C00A08B75 /* Memorize.app */ = {isa = PBXFileReference; explicitFileType = wrapper.application; includeInIndex = 0; path = Memorize.app; sourceTree = BUILT_PRODUCTS_DIR; };
		FF2AE8BF250BF19C00A08B75 /* AppDelegate.swift */ = {isa = PBXFileReference; lastKnownFileType = sourcecode.swift; path = AppDelegate.swift; sourceTree = "<group>"; };
		FF2AE8C1250BF19C00A08B75 /* SceneDelegate.swift */ = {isa = PBXFileReference; lastKnownFileType = sourcecode.swift; path = SceneDelegate.swift; sourceTree = "<group>"; };
		FF2AE8C3250BF19C00A08B75 /* EmojiMemoryGameView.swift */ = {isa = PBXFileReference; lastKnownFileType = sourcecode.swift; path = EmojiMemoryGameView.swift; sourceTree = "<group>"; };
		FF2AE8C5250BF19F00A08B75 /* Assets.xcassets */ = {isa = PBXFileReference; lastKnownFileType = folder.assetcatalog; path = Assets.xcassets; sourceTree = "<group>"; };
		FF2AE8C8250BF19F00A08B75 /* Preview Assets.xcassets */ = {isa = PBXFileReference; lastKnownFileType = folder.assetcatalog; path = "Preview Assets.xcassets"; sourceTree = "<group>"; };
		FF2AE8CB250BF19F00A08B75 /* Base */ = {isa = PBXFileReference; lastKnownFileType = file.storyboard; name = Base; path = Base.lproj/LaunchScreen.storyboard; sourceTree = "<group>"; };
		FF2AE8CD250BF19F00A08B75 /* Info.plist */ = {isa = PBXFileReference; lastKnownFileType = text.plist.xml; path = Info.plist; sourceTree = "<group>"; };
		FF2AE8D3250D4B7700A08B75 /* MemoryGame.swift */ = {isa = PBXFileReference; lastKnownFileType = sourcecode.swift; path = MemoryGame.swift; sourceTree = "<group>"; };
		FF2AE8D5250D4EF000A08B75 /* EmojiMemoryGame.swift */ = {isa = PBXFileReference; lastKnownFileType = sourcecode.swift; path = EmojiMemoryGame.swift; sourceTree = "<group>"; };
		FFEF527C2520B72C008EEC78 /* Grid.swift */ = {isa = PBXFileReference; lastKnownFileType = sourcecode.swift; path = Grid.swift; sourceTree = "<group>"; };
		FFEF527F2520BF80008EEC78 /* GridLayout.swift */ = {isa = PBXFileReference; fileEncoding = 4; lastKnownFileType = sourcecode.swift; path = GridLayout.swift; sourceTree = "<group>"; };
		FFEF52822520C501008EEC78 /* Array.swift */ = {isa = PBXFileReference; lastKnownFileType = sourcecode.swift; path = Array.swift; sourceTree = "<group>"; };
/* End PBXFileReference section */

/* Begin PBXFrameworksBuildPhase section */
		FF2AE8B9250BF19C00A08B75 /* Frameworks */ = {
			isa = PBXFrameworksBuildPhase;
			buildActionMask = 2147483647;
			files = (
			);
			runOnlyForDeploymentPostprocessing = 0;
		};
/* End PBXFrameworksBuildPhase section */

/* Begin PBXGroup section */
		FF2AE8B3250BF19C00A08B75 = {
			isa = PBXGroup;
			children = (
				FF2AE8BE250BF19C00A08B75 /* Memorize */,
				FF2AE8BD250BF19C00A08B75 /* Products */,
			);
			sourceTree = "<group>";
		};
		FF2AE8BD250BF19C00A08B75 /* Products */ = {
			isa = PBXGroup;
			children = (
				FF2AE8BC250BF19C00A08B75 /* Memorize.app */,
			);
			name = Products;
			sourceTree = "<group>";
		};
		FF2AE8BE250BF19C00A08B75 /* Memorize */ = {
			isa = PBXGroup;
			children = (
				FF2AE8BF250BF19C00A08B75 /* AppDelegate.swift */,
				FF2AE8C1250BF19C00A08B75 /* SceneDelegate.swift */,
				FF2AE8C3250BF19C00A08B75 /* EmojiMemoryGameView.swift */,
				FFEF52822520C501008EEC78 /* Array.swift */,
				FF2AE8D5250D4EF000A08B75 /* EmojiMemoryGame.swift */,
				FFEF527C2520B72C008EEC78 /* Grid.swift */,
				FFEF527F2520BF80008EEC78 /* GridLayout.swift */,
				FF2AE8D3250D4B7700A08B75 /* MemoryGame.swift */,
				FF2AE8C5250BF19F00A08B75 /* Assets.xcassets */,
				FF2AE8CA250BF19F00A08B75 /* LaunchScreen.storyboard */,
				FF2AE8CD250BF19F00A08B75 /* Info.plist */,
				FF2AE8C7250BF19F00A08B75 /* Preview Content */,
			);
			path = Memorize;
			sourceTree = "<group>";
		};
		FF2AE8C7250BF19F00A08B75 /* Preview Content */ = {
			isa = PBXGroup;
			children = (
				FF2AE8C8250BF19F00A08B75 /* Preview Assets.xcassets */,
			);
			path = "Preview Content";
			sourceTree = "<group>";
		};
/* End PBXGroup section */

/* Begin PBXNativeTarget section */
		FF2AE8BB250BF19C00A08B75 /* Memorize */ = {
			isa = PBXNativeTarget;
			buildConfigurationList = FF2AE8D0250BF19F00A08B75 /* Build configuration list for PBXNativeTarget "Memorize" */;
			buildPhases = (
				FF2AE8B8250BF19C00A08B75 /* Sources */,
				FF2AE8B9250BF19C00A08B75 /* Frameworks */,
				FF2AE8BA250BF19C00A08B75 /* Resources */,
			);
			buildRules = (
			);
			dependencies = (
			);
			name = Memorize;
			productName = Memorize;
			productReference = FF2AE8BC250BF19C00A08B75 /* Memorize.app */;
			productType = "com.apple.product-type.application";
		};
/* End PBXNativeTarget section */

/* Begin PBXProject section */
		FF2AE8B4250BF19C00A08B75 /* Project object */ = {
			isa = PBXProject;
			attributes = {
				LastSwiftUpdateCheck = 1170;
				LastUpgradeCheck = 1200;
				ORGANIZATIONNAME = "Александр Алгашев";
				TargetAttributes = {
					FF2AE8BB250BF19C00A08B75 = {
						CreatedOnToolsVersion = 11.7;
					};
				};
			};
			buildConfigurationList = FF2AE8B7250BF19C00A08B75 /* Build configuration list for PBXProject "Memorize" */;
			compatibilityVersion = "Xcode 9.3";
			developmentRegion = en;
			hasScannedForEncodings = 0;
			knownRegions = (
				en,
				Base,
			);
			mainGroup = FF2AE8B3250BF19C00A08B75;
			productRefGroup = FF2AE8BD250BF19C00A08B75 /* Products */;
			projectDirPath = "";
			projectRoot = "";
			targets = (
				FF2AE8BB250BF19C00A08B75 /* Memorize */,
			);
		};
/* End PBXProject section */

/* Begin PBXResourcesBuildPhase section */
		FF2AE8BA250BF19C00A08B75 /* Resources */ = {
			isa = PBXResourcesBuildPhase;
			buildActionMask = 2147483647;
			files = (
				FF2AE8CC250BF19F00A08B75 /* LaunchScreen.storyboard in Resources */,
				FF2AE8C9250BF19F00A08B75 /* Preview Assets.xcassets in Resources */,
				FF2AE8C6250BF19F00A08B75 /* Assets.xcassets in Resources */,
			);
			runOnlyForDeploymentPostprocessing = 0;
		};
/* End PBXResourcesBuildPhase section */

/* Begin PBXSourcesBuildPhase section */
		FF2AE8B8250BF19C00A08B75 /* Sources */ = {
			isa = PBXSourcesBuildPhase;
			buildActionMask = 2147483647;
			files = (
				FF2AE8C0250BF19C00A08B75 /* AppDelegate.swift in Sources */,
				FF2AE8C2250BF19C00A08B75 /* SceneDelegate.swift in Sources */,
				FF2AE8D4250D4B7700A08B75 /* MemoryGame.swift in Sources */,
				FF2AE8C4250BF19C00A08B75 /* EmojiMemoryGameView.swift in Sources */,
				FF2AE8D6250D4EF000A08B75 /* EmojiMemoryGame.swift in Sources */,
				FFEF52832520C501008EEC78 /* Array.swift in Sources */,
				FFEF52802520BF80008EEC78 /* GridLayout.swift in Sources */,
				FFEF527D2520B72C008EEC78 /* Grid.swift in Sources */,
			);
			runOnlyForDeploymentPostprocessing = 0;
		};
/* End PBXSourcesBuildPhase section */

/* Begin PBXVariantGroup section */
		FF2AE8CA250BF19F00A08B75 /* LaunchScreen.storyboard */ = {
			isa = PBXVariantGroup;
			children = (
				FF2AE8CB250BF19F00A08B75 /* Base */,
			);
			name = LaunchScreen.storyboard;
			sourceTree = "<group>";
		};
/* End PBXVariantGroup section */

/* Begin XCBuildConfiguration section */
		FF2AE8CE250BF19F00A08B75 /* Debug */ = {
			isa = XCBuildConfiguration;
			buildSettings = {
				ALWAYS_SEARCH_USER_PATHS = NO;
				CLANG_ANALYZER_NONNULL = YES;
				CLANG_ANALYZER_NUMBER_OBJECT_CONVERSION = YES_AGGRESSIVE;
				CLANG_CXX_LANGUAGE_STANDARD = "gnu++14";
				CLANG_CXX_LIBRARY = "libc++";
				CLANG_ENABLE_MODULES = YES;
				CLANG_ENABLE_OBJC_ARC = YES;
				CLANG_ENABLE_OBJC_WEAK = YES;
				CLANG_WARN_BLOCK_CAPTURE_AUTORELEASING = YES;
				CLANG_WARN_BOOL_CONVERSION = YES;
				CLANG_WARN_COMMA = YES;
				CLANG_WARN_CONSTANT_CONVERSION = YES;
				CLANG_WARN_DEPRECATED_OBJC_IMPLEMENTATIONS = YES;
				CLANG_WARN_DIRECT_OBJC_ISA_USAGE = YES_ERROR;
				CLANG_WARN_DOCUMENTATION_COMMENTS = YES;
				CLANG_WARN_EMPTY_BODY = YES;
				CLANG_WARN_ENUM_CONVERSION = YES;
				CLANG_WARN_INFINITE_RECURSION = YES;
				CLANG_WARN_INT_CONVERSION = YES;
				CLANG_WARN_NON_LITERAL_NULL_CONVERSION = YES;
				CLANG_WARN_OBJC_IMPLICIT_RETAIN_SELF = YES;
				CLANG_WARN_OBJC_LITERAL_CONVERSION = YES;
				CLANG_WARN_OBJC_ROOT_CLASS = YES_ERROR;
				CLANG_WARN_QUOTED_INCLUDE_IN_FRAMEWORK_HEADER = YES;
				CLANG_WARN_RANGE_LOOP_ANALYSIS = YES;
				CLANG_WARN_STRICT_PROTOTYPES = YES;
				CLANG_WARN_SUSPICIOUS_MOVE = YES;
				CLANG_WARN_UNGUARDED_AVAILABILITY = YES_AGGRESSIVE;
				CLANG_WARN_UNREACHABLE_CODE = YES;
				CLANG_WARN__DUPLICATE_METHOD_MATCH = YES;
				COPY_PHASE_STRIP = NO;
				DEBUG_INFORMATION_FORMAT = dwarf;
				ENABLE_STRICT_OBJC_MSGSEND = YES;
				ENABLE_TESTABILITY = YES;
				GCC_C_LANGUAGE_STANDARD = gnu11;
				GCC_DYNAMIC_NO_PIC = NO;
				GCC_NO_COMMON_BLOCKS = YES;
				GCC_OPTIMIZATION_LEVEL = 0;
				GCC_PREPROCESSOR_DEFINITIONS = (
					"DEBUG=1",
					"$(inherited)",
				);
				GCC_WARN_64_TO_32_BIT_CONVERSION = YES;
				GCC_WARN_ABOUT_RETURN_TYPE = YES_ERROR;
				GCC_WARN_UNDECLARED_SELECTOR = YES;
				GCC_WARN_UNINITIALIZED_AUTOS = YES_AGGRESSIVE;
				GCC_WARN_UNUSED_FUNCTION = YES;
				GCC_WARN_UNUSED_VARIABLE = YES;
				IPHONEOS_DEPLOYMENT_TARGET = 13.7;
				MTL_ENABLE_DEBUG_INFO = INCLUDE_SOURCE;
				MTL_FAST_MATH = YES;
				ONLY_ACTIVE_ARCH = YES;
				SDKROOT = iphoneos;
				SWIFT_ACTIVE_COMPILATION_CONDITIONS = DEBUG;
				SWIFT_OPTIMIZATION_LEVEL = "-Onone";
			};
			name = Debug;
		};
		FF2AE8CF250BF19F00A08B75 /* Release */ = {
			isa = XCBuildConfiguration;
			buildSettings = {
				ALWAYS_SEARCH_USER_PATHS = NO;
				CLANG_ANALYZER_NONNULL = YES;
				CLANG_ANALYZER_NUMBER_OBJECT_CONVERSION = YES_AGGRESSIVE;
				CLANG_CXX_LANGUAGE_STANDARD = "gnu++14";
				CLANG_CXX_LIBRARY = "libc++";
				CLANG_ENABLE_MODULES = YES;
				CLANG_ENABLE_OBJC_ARC = YES;
				CLANG_ENABLE_OBJC_WEAK = YES;
				CLANG_WARN_BLOCK_CAPTURE_AUTORELEASING = YES;
				CLANG_WARN_BOOL_CONVERSION = YES;
				CLANG_WARN_COMMA = YES;
				CLANG_WARN_CONSTANT_CONVERSION = YES;
				CLANG_WARN_DEPRECATED_OBJC_IMPLEMENTATIONS = YES;
				CLANG_WARN_DIRECT_OBJC_ISA_USAGE = YES_ERROR;
				CLANG_WARN_DOCUMENTATION_COMMENTS = YES;
				CLANG_WARN_EMPTY_BODY = YES;
				CLANG_WARN_ENUM_CONVERSION = YES;
				CLANG_WARN_INFINITE_RECURSION = YES;
				CLANG_WARN_INT_CONVERSION = YES;
				CLANG_WARN_NON_LITERAL_NULL_CONVERSION = YES;
				CLANG_WARN_OBJC_IMPLICIT_RETAIN_SELF = YES;
				CLANG_WARN_OBJC_LITERAL_CONVERSION = YES;
				CLANG_WARN_OBJC_ROOT_CLASS = YES_ERROR;
				CLANG_WARN_QUOTED_INCLUDE_IN_FRAMEWORK_HEADER = YES;
				CLANG_WARN_RANGE_LOOP_ANALYSIS = YES;
				CLANG_WARN_STRICT_PROTOTYPES = YES;
				CLANG_WARN_SUSPICIOUS_MOVE = YES;
				CLANG_WARN_UNGUARDED_AVAILABILITY = YES_AGGRESSIVE;
				CLANG_WARN_UNREACHABLE_CODE = YES;
				CLANG_WARN__DUPLICATE_METHOD_MATCH = YES;
				COPY_PHASE_STRIP = NO;
				DEBUG_INFORMATION_FORMAT = "dwarf-with-dsym";
				ENABLE_NS_ASSERTIONS = NO;
				ENABLE_STRICT_OBJC_MSGSEND = YES;
				GCC_C_LANGUAGE_STANDARD = gnu11;
				GCC_NO_COMMON_BLOCKS = YES;
				GCC_WARN_64_TO_32_BIT_CONVERSION = YES;
				GCC_WARN_ABOUT_RETURN_TYPE = YES_ERROR;
				GCC_WARN_UNDECLARED_SELECTOR = YES;
				GCC_WARN_UNINITIALIZED_AUTOS = YES_AGGRESSIVE;
				GCC_WARN_UNUSED_FUNCTION = YES;
				GCC_WARN_UNUSED_VARIABLE = YES;
				IPHONEOS_DEPLOYMENT_TARGET = 13.7;
				MTL_ENABLE_DEBUG_INFO = NO;
				MTL_FAST_MATH = YES;
				SDKROOT = iphoneos;
				SWIFT_COMPILATION_MODE = wholemodule;
				SWIFT_OPTIMIZATION_LEVEL = "-O";
				VALIDATE_PRODUCT = YES;
			};
			name = Release;
		};
		FF2AE8D1250BF19F00A08B75 /* Debug */ = {
			isa = XCBuildConfiguration;
			buildSettings = {
				ASSETCATALOG_COMPILER_APPICON_NAME = AppIcon;
				CODE_SIGN_STYLE = Automatic;
				DEVELOPMENT_ASSET_PATHS = "\"Memorize/Preview Content\"";
				DEVELOPMENT_TEAM = SQ2J8S5B39;
				ENABLE_PREVIEWS = YES;
				INFOPLIST_FILE = Memorize/Info.plist;
				LD_RUNPATH_SEARCH_PATHS = (
					"$(inherited)",
					"@executable_path/Frameworks",
				);
				PRODUCT_BUNDLE_IDENTIFIER = algashev.Memorize;
				PRODUCT_NAME = "$(TARGET_NAME)";
				SWIFT_VERSION = 5.0;
				TARGETED_DEVICE_FAMILY = "1,2";
			};
			name = Debug;
		};
		FF2AE8D2250BF19F00A08B75 /* Release */ = {
			isa = XCBuildConfiguration;
			buildSettings = {
				ASSETCATALOG_COMPILER_APPICON_NAME = AppIcon;
				CODE_SIGN_STYLE = Automatic;
				DEVELOPMENT_ASSET_PATHS = "\"Memorize/Preview Content\"";
				DEVELOPMENT_TEAM = SQ2J8S5B39;
				ENABLE_PREVIEWS = YES;
				INFOPLIST_FILE = Memorize/Info.plist;
				LD_RUNPATH_SEARCH_PATHS = (
					"$(inherited)",
					"@executable_path/Frameworks",
				);
				PRODUCT_BUNDLE_IDENTIFIER = algashev.Memorize;
				PRODUCT_NAME = "$(TARGET_NAME)";
				SWIFT_VERSION = 5.0;
				TARGETED_DEVICE_FAMILY = "1,2";
			};
			name = Release;
		};
/* End XCBuildConfiguration section */

/* Begin XCConfigurationList section */
		FF2AE8B7250BF19C00A08B75 /* Build configuration list for PBXProject "Memorize" */ = {
			isa = XCConfigurationList;
			buildConfigurations = (
				FF2AE8CE250BF19F00A08B75 /* Debug */,
				FF2AE8CF250BF19F00A08B75 /* Release */,
			);
			defaultConfigurationIsVisible = 0;
			defaultConfigurationName = Release;
		};
		FF2AE8D0250BF19F00A08B75 /* Build configuration list for PBXNativeTarget "Memorize" */ = {
			isa = XCConfigurationList;
			buildConfigurations = (
				FF2AE8D1250BF19F00A08B75 /* Debug */,
				FF2AE8D2250BF19F00A08B75 /* Release */,
			);
			defaultConfigurationIsVisible = 0;
			defaultConfigurationName = Release;
		};
/* End XCConfigurationList section */
	};
	rootObject = FF2AE8B4250BF19C00A08B75 /* Project object */;
}
